
Microsoft Visual Studio Solution File, Format Version 12.00
# Visual Studio 14
VisualStudioVersion = 14.0.25420.1
MinimumVisualStudioVersion = 10.0.40219.1
Project("{FAE04EC0-301F-11D3-BF4B-00C04F79EFBC}") = "App3.Droid", "App3\App3.Droid\App3.Droid.csproj", "{20435F6C-6A02-4BC6-A7B4-9CEF9E3EB66B}"
EndProject
Project("{FAE04EC0-301F-11D3-BF4B-00C04F79EFBC}") = "App3.iOS", "App3\App3.iOS\App3.iOS.csproj", "{35F2708D-1A0F-40C4-A399-7AB86C9FAF3B}"
EndProject
Project("{FAE04EC0-301F-11D3-BF4B-00C04F79EFBC}") = "App3.WinPhone", "App3\App3.WinPhone\App3.WinPhone.csproj", "{7D8B9BE6-07E9-4734-9C3C-6A2EF825621E}"
EndProject
Project("{FAE04EC0-301F-11D3-BF4B-00C04F79EFBC}") = "App3.UWP", "App3\App3.UWP\App3.UWP.csproj", "{0E2981B8-7FB2-4614-9497-D2D25510FC01}"
EndProject
Project("{FAE04EC0-301F-11D3-BF4B-00C04F79EFBC}") = "App3.Windows", "App3\App3.Windows\App3.Windows.csproj", "{97023C9E-B6B8-49E9-BC5E-C55FDDBD05FA}"
EndProject
Project("{D954291E-2A0B-460D-934E-DC6B0785DB48}") = "App3", "App3\App3\App3.shproj", "{251D88D5-CF47-4BC8-8E54-2EDF25DCFCEA}"
EndProject
Global
	GlobalSection(SharedMSBuildProjectFiles) = preSolution
		App3\App3\App3.projitems*{0e2981b8-7fb2-4614-9497-d2d25510fc01}*SharedItemsImports = 4
		App3\App3\App3.projitems*{20435f6c-6a02-4bc6-a7b4-9cef9e3eb66b}*SharedItemsImports = 4
		App3\App3\App3.projitems*{251d88d5-cf47-4bc8-8e54-2edf25dcfcea}*SharedItemsImports = 13
		App3\App3\App3.projitems*{35f2708d-1a0f-40c4-a399-7ab86c9faf3b}*SharedItemsImports = 4
		App3\App3\App3.projitems*{7d8b9be6-07e9-4734-9c3c-6a2ef825621e}*SharedItemsImports = 4
		App3\App3\App3.projitems*{97023c9e-b6b8-49e9-bc5e-c55fddbd05fa}*SharedItemsImports = 4
	EndGlobalSection
	GlobalSection(SolutionConfigurationPlatforms) = preSolution
		Ad-Hoc|Any CPU = Ad-Hoc|Any CPU
		Ad-Hoc|ARM = Ad-Hoc|ARM
		Ad-Hoc|iPhone = Ad-Hoc|iPhone
		Ad-Hoc|iPhoneSimulator = Ad-Hoc|iPhoneSimulator
		Ad-Hoc|x64 = Ad-Hoc|x64
		Ad-Hoc|x86 = Ad-Hoc|x86
		AppStore|Any CPU = AppStore|Any CPU
		AppStore|ARM = AppStore|ARM
		AppStore|iPhone = AppStore|iPhone
		AppStore|iPhoneSimulator = AppStore|iPhoneSimulator
		AppStore|x64 = AppStore|x64
		AppStore|x86 = AppStore|x86
		Debug|Any CPU = Debug|Any CPU
		Debug|ARM = Debug|ARM
		Debug|iPhone = Debug|iPhone
		Debug|iPhoneSimulator = Debug|iPhoneSimulator
		Debug|x64 = Debug|x64
		Debug|x86 = Debug|x86
		Release|Any CPU = Release|Any CPU
		Release|ARM = Release|ARM
		Release|iPhone = Release|iPhone
		Release|iPhoneSimulator = Release|iPhoneSimulator
		Release|x64 = Release|x64
		Release|x86 = Release|x86
	EndGlobalSection
	GlobalSection(ProjectConfigurationPlatforms) = postSolution
		{20435F6C-6A02-4BC6-A7B4-9CEF9E3EB66B}.Ad-Hoc|Any CPU.ActiveCfg = Release|Any CPU
		{20435F6C-6A02-4BC6-A7B4-9CEF9E3EB66B}.Ad-Hoc|Any CPU.Build.0 = Release|Any CPU
		{20435F6C-6A02-4BC6-A7B4-9CEF9E3EB66B}.Ad-Hoc|Any CPU.Deploy.0 = Release|Any CPU
		{20435F6C-6A02-4BC6-A7B4-9CEF9E3EB66B}.Ad-Hoc|ARM.ActiveCfg = Release|Any CPU
		{20435F6C-6A02-4BC6-A7B4-9CEF9E3EB66B}.Ad-Hoc|ARM.Build.0 = Release|Any CPU
		{20435F6C-6A02-4BC6-A7B4-9CEF9E3EB66B}.Ad-Hoc|ARM.Deploy.0 = Release|Any CPU
		{20435F6C-6A02-4BC6-A7B4-9CEF9E3EB66B}.Ad-Hoc|iPhone.ActiveCfg = Release|Any CPU
		{20435F6C-6A02-4BC6-A7B4-9CEF9E3EB66B}.Ad-Hoc|iPhone.Build.0 = Release|Any CPU
		{20435F6C-6A02-4BC6-A7B4-9CEF9E3EB66B}.Ad-Hoc|iPhone.Deploy.0 = Release|Any CPU
		{20435F6C-6A02-4BC6-A7B4-9CEF9E3EB66B}.Ad-Hoc|iPhoneSimulator.ActiveCfg = Release|Any CPU
		{20435F6C-6A02-4BC6-A7B4-9CEF9E3EB66B}.Ad-Hoc|iPhoneSimulator.Build.0 = Release|Any CPU
		{20435F6C-6A02-4BC6-A7B4-9CEF9E3EB66B}.Ad-Hoc|iPhoneSimulator.Deploy.0 = Release|Any CPU
		{20435F6C-6A02-4BC6-A7B4-9CEF9E3EB66B}.Ad-Hoc|x64.ActiveCfg = Release|Any CPU
		{20435F6C-6A02-4BC6-A7B4-9CEF9E3EB66B}.Ad-Hoc|x64.Build.0 = Release|Any CPU
		{20435F6C-6A02-4BC6-A7B4-9CEF9E3EB66B}.Ad-Hoc|x64.Deploy.0 = Release|Any CPU
		{20435F6C-6A02-4BC6-A7B4-9CEF9E3EB66B}.Ad-Hoc|x86.ActiveCfg = Release|Any CPU
		{20435F6C-6A02-4BC6-A7B4-9CEF9E3EB66B}.Ad-Hoc|x86.Build.0 = Release|Any CPU
		{20435F6C-6A02-4BC6-A7B4-9CEF9E3EB66B}.Ad-Hoc|x86.Deploy.0 = Release|Any CPU
		{20435F6C-6A02-4BC6-A7B4-9CEF9E3EB66B}.AppStore|Any CPU.ActiveCfg = Release|Any CPU
		{20435F6C-6A02-4BC6-A7B4-9CEF9E3EB66B}.AppStore|Any CPU.Build.0 = Release|Any CPU
		{20435F6C-6A02-4BC6-A7B4-9CEF9E3EB66B}.AppStore|Any CPU.Deploy.0 = Release|Any CPU
		{20435F6C-6A02-4BC6-A7B4-9CEF9E3EB66B}.AppStore|ARM.ActiveCfg = Release|Any CPU
		{20435F6C-6A02-4BC6-A7B4-9CEF9E3EB66B}.AppStore|ARM.Build.0 = Release|Any CPU
		{20435F6C-6A02-4BC6-A7B4-9CEF9E3EB66B}.AppStore|ARM.Deploy.0 = Release|Any CPU
		{20435F6C-6A02-4BC6-A7B4-9CEF9E3EB66B}.AppStore|iPhone.ActiveCfg = Release|Any CPU
		{20435F6C-6A02-4BC6-A7B4-9CEF9E3EB66B}.AppStore|iPhone.Build.0 = Release|Any CPU
		{20435F6C-6A02-4BC6-A7B4-9CEF9E3EB66B}.AppStore|iPhone.Deploy.0 = Release|Any CPU
		{20435F6C-6A02-4BC6-A7B4-9CEF9E3EB66B}.AppStore|iPhoneSimulator.ActiveCfg = Release|Any CPU
		{20435F6C-6A02-4BC6-A7B4-9CEF9E3EB66B}.AppStore|iPhoneSimulator.Build.0 = Release|Any CPU
		{20435F6C-6A02-4BC6-A7B4-9CEF9E3EB66B}.AppStore|iPhoneSimulator.Deploy.0 = Release|Any CPU
		{20435F6C-6A02-4BC6-A7B4-9CEF9E3EB66B}.AppStore|x64.ActiveCfg = Release|Any CPU
		{20435F6C-6A02-4BC6-A7B4-9CEF9E3EB66B}.AppStore|x64.Build.0 = Release|Any CPU
		{20435F6C-6A02-4BC6-A7B4-9CEF9E3EB66B}.AppStore|x64.Deploy.0 = Release|Any CPU
		{20435F6C-6A02-4BC6-A7B4-9CEF9E3EB66B}.AppStore|x86.ActiveCfg = Release|Any CPU
		{20435F6C-6A02-4BC6-A7B4-9CEF9E3EB66B}.AppStore|x86.Build.0 = Release|Any CPU
		{20435F6C-6A02-4BC6-A7B4-9CEF9E3EB66B}.AppStore|x86.Deploy.0 = Release|Any CPU
		{20435F6C-6A02-4BC6-A7B4-9CEF9E3EB66B}.Debug|Any CPU.ActiveCfg = Debug|Any CPU
		{20435F6C-6A02-4BC6-A7B4-9CEF9E3EB66B}.Debug|Any CPU.Build.0 = Debug|Any CPU
		{20435F6C-6A02-4BC6-A7B4-9CEF9E3EB66B}.Debug|Any CPU.Deploy.0 = Debug|Any CPU
		{20435F6C-6A02-4BC6-A7B4-9CEF9E3EB66B}.Debug|ARM.ActiveCfg = Debug|Any CPU
		{20435F6C-6A02-4BC6-A7B4-9CEF9E3EB66B}.Debug|ARM.Build.0 = Debug|Any CPU
		{20435F6C-6A02-4BC6-A7B4-9CEF9E3EB66B}.Debug|ARM.Deploy.0 = Debug|Any CPU
		{20435F6C-6A02-4BC6-A7B4-9CEF9E3EB66B}.Debug|iPhone.ActiveCfg = Debug|Any CPU
		{20435F6C-6A02-4BC6-A7B4-9CEF9E3EB66B}.Debug|iPhone.Build.0 = Debug|Any CPU
		{20435F6C-6A02-4BC6-A7B4-9CEF9E3EB66B}.Debug|iPhone.Deploy.0 = Debug|Any CPU
		{20435F6C-6A02-4BC6-A7B4-9CEF9E3EB66B}.Debug|iPhoneSimulator.ActiveCfg = Debug|Any CPU
		{20435F6C-6A02-4BC6-A7B4-9CEF9E3EB66B}.Debug|iPhoneSimulator.Build.0 = Debug|Any CPU
		{20435F6C-6A02-4BC6-A7B4-9CEF9E3EB66B}.Debug|iPhoneSimulator.Deploy.0 = Debug|Any CPU
		{20435F6C-6A02-4BC6-A7B4-9CEF9E3EB66B}.Debug|x64.ActiveCfg = Debug|Any CPU
		{20435F6C-6A02-4BC6-A7B4-9CEF9E3EB66B}.Debug|x64.Build.0 = Debug|Any CPU
		{20435F6C-6A02-4BC6-A7B4-9CEF9E3EB66B}.Debug|x64.Deploy.0 = Debug|Any CPU
		{20435F6C-6A02-4BC6-A7B4-9CEF9E3EB66B}.Debug|x86.ActiveCfg = Debug|Any CPU
		{20435F6C-6A02-4BC6-A7B4-9CEF9E3EB66B}.Debug|x86.Build.0 = Debug|Any CPU
		{20435F6C-6A02-4BC6-A7B4-9CEF9E3EB66B}.Debug|x86.Deploy.0 = Debug|Any CPU
		{20435F6C-6A02-4BC6-A7B4-9CEF9E3EB66B}.Release|Any CPU.ActiveCfg = Release|Any CPU
		{20435F6C-6A02-4BC6-A7B4-9CEF9E3EB66B}.Release|Any CPU.Build.0 = Release|Any CPU
		{20435F6C-6A02-4BC6-A7B4-9CEF9E3EB66B}.Release|Any CPU.Deploy.0 = Release|Any CPU
		{20435F6C-6A02-4BC6-A7B4-9CEF9E3EB66B}.Release|ARM.ActiveCfg = Release|Any CPU
		{20435F6C-6A02-4BC6-A7B4-9CEF9E3EB66B}.Release|ARM.Build.0 = Release|Any CPU
		{20435F6C-6A02-4BC6-A7B4-9CEF9E3EB66B}.Release|ARM.Deploy.0 = Release|Any CPU
		{20435F6C-6A02-4BC6-A7B4-9CEF9E3EB66B}.Release|iPhone.ActiveCfg = Release|Any CPU
		{20435F6C-6A02-4BC6-A7B4-9CEF9E3EB66B}.Release|iPhone.Build.0 = Release|Any CPU
		{20435F6C-6A02-4BC6-A7B4-9CEF9E3EB66B}.Release|iPhone.Deploy.0 = Release|Any CPU
		{20435F6C-6A02-4BC6-A7B4-9CEF9E3EB66B}.Release|iPhoneSimulator.ActiveCfg = Release|Any CPU
		{20435F6C-6A02-4BC6-A7B4-9CEF9E3EB66B}.Release|iPhoneSimulator.Build.0 = Release|Any CPU
		{20435F6C-6A02-4BC6-A7B4-9CEF9E3EB66B}.Release|iPhoneSimulator.Deploy.0 = Release|Any CPU
		{20435F6C-6A02-4BC6-A7B4-9CEF9E3EB66B}.Release|x64.ActiveCfg = Release|Any CPU
		{20435F6C-6A02-4BC6-A7B4-9CEF9E3EB66B}.Release|x64.Build.0 = Release|Any CPU
		{20435F6C-6A02-4BC6-A7B4-9CEF9E3EB66B}.Release|x64.Deploy.0 = Release|Any CPU
		{20435F6C-6A02-4BC6-A7B4-9CEF9E3EB66B}.Release|x86.ActiveCfg = Release|Any CPU
		{20435F6C-6A02-4BC6-A7B4-9CEF9E3EB66B}.Release|x86.Build.0 = Release|Any CPU
		{20435F6C-6A02-4BC6-A7B4-9CEF9E3EB66B}.Release|x86.Deploy.0 = Release|Any CPU
		{35F2708D-1A0F-40C4-A399-7AB86C9FAF3B}.Ad-Hoc|Any CPU.ActiveCfg = Ad-Hoc|iPhone
		{35F2708D-1A0F-40C4-A399-7AB86C9FAF3B}.Ad-Hoc|ARM.ActiveCfg = Ad-Hoc|iPhone
		{35F2708D-1A0F-40C4-A399-7AB86C9FAF3B}.Ad-Hoc|iPhone.ActiveCfg = Ad-Hoc|iPhone
		{35F2708D-1A0F-40C4-A399-7AB86C9FAF3B}.Ad-Hoc|iPhone.Build.0 = Ad-Hoc|iPhone
		{35F2708D-1A0F-40C4-A399-7AB86C9FAF3B}.Ad-Hoc|iPhoneSimulator.ActiveCfg = Ad-Hoc|iPhoneSimulator
		{35F2708D-1A0F-40C4-A399-7AB86C9FAF3B}.Ad-Hoc|iPhoneSimulator.Build.0 = Ad-Hoc|iPhoneSimulator
		{35F2708D-1A0F-40C4-A399-7AB86C9FAF3B}.Ad-Hoc|x64.ActiveCfg = Ad-Hoc|iPhone
		{35F2708D-1A0F-40C4-A399-7AB86C9FAF3B}.Ad-Hoc|x86.ActiveCfg = Ad-Hoc|iPhone
		{35F2708D-1A0F-40C4-A399-7AB86C9FAF3B}.AppStore|Any CPU.ActiveCfg = AppStore|iPhone
		{35F2708D-1A0F-40C4-A399-7AB86C9FAF3B}.AppStore|ARM.ActiveCfg = AppStore|iPhone
		{35F2708D-1A0F-40C4-A399-7AB86C9FAF3B}.AppStore|iPhone.ActiveCfg = AppStore|iPhone
		{35F2708D-1A0F-40C4-A399-7AB86C9FAF3B}.AppStore|iPhone.Build.0 = AppStore|iPhone
		{35F2708D-1A0F-40C4-A399-7AB86C9FAF3B}.AppStore|iPhoneSimulator.ActiveCfg = AppStore|iPhoneSimulator
		{35F2708D-1A0F-40C4-A399-7AB86C9FAF3B}.AppStore|iPhoneSimulator.Build.0 = AppStore|iPhoneSimulator
		{35F2708D-1A0F-40C4-A399-7AB86C9FAF3B}.AppStore|x64.ActiveCfg = AppStore|iPhone
		{35F2708D-1A0F-40C4-A399-7AB86C9FAF3B}.AppStore|x86.ActiveCfg = AppStore|iPhone
		{35F2708D-1A0F-40C4-A399-7AB86C9FAF3B}.Debug|Any CPU.ActiveCfg = Debug|iPhone
		{35F2708D-1A0F-40C4-A399-7AB86C9FAF3B}.Debug|ARM.ActiveCfg = Debug|iPhone
		{35F2708D-1A0F-40C4-A399-7AB86C9FAF3B}.Debug|iPhone.ActiveCfg = Debug|iPhone
		{35F2708D-1A0F-40C4-A399-7AB86C9FAF3B}.Debug|iPhone.Build.0 = Debug|iPhone
		{35F2708D-1A0F-40C4-A399-7AB86C9FAF3B}.Debug|iPhoneSimulator.ActiveCfg = Debug|iPhoneSimulator
		{35F2708D-1A0F-40C4-A399-7AB86C9FAF3B}.Debug|iPhoneSimulator.Build.0 = Debug|iPhoneSimulator
		{35F2708D-1A0F-40C4-A399-7AB86C9FAF3B}.Debug|x64.ActiveCfg = Debug|iPhone
		{35F2708D-1A0F-40C4-A399-7AB86C9FAF3B}.Debug|x86.ActiveCfg = Debug|iPhone
		{35F2708D-1A0F-40C4-A399-7AB86C9FAF3B}.Release|Any CPU.ActiveCfg = Release|iPhone
		{35F2708D-1A0F-40C4-A399-7AB86C9FAF3B}.Release|ARM.ActiveCfg = Release|iPhone
		{35F2708D-1A0F-40C4-A399-7AB86C9FAF3B}.Release|iPhone.ActiveCfg = Release|iPhone
		{35F2708D-1A0F-40C4-A399-7AB86C9FAF3B}.Release|iPhone.Build.0 = Release|iPhone
		{35F2708D-1A0F-40C4-A399-7AB86C9FAF3B}.Release|iPhoneSimulator.ActiveCfg = Release|iPhoneSimulator
		{35F2708D-1A0F-40C4-A399-7AB86C9FAF3B}.Release|iPhoneSimulator.Build.0 = Release|iPhoneSimulator
		{35F2708D-1A0F-40C4-A399-7AB86C9FAF3B}.Release|x64.ActiveCfg = Release|iPhone
		{35F2708D-1A0F-40C4-A399-7AB86C9FAF3B}.Release|x86.ActiveCfg = Release|iPhone
		{7D8B9BE6-07E9-4734-9C3C-6A2EF825621E}.Ad-Hoc|Any CPU.ActiveCfg = Release|Any CPU
		{7D8B9BE6-07E9-4734-9C3C-6A2EF825621E}.Ad-Hoc|Any CPU.Build.0 = Release|Any CPU
		{7D8B9BE6-07E9-4734-9C3C-6A2EF825621E}.Ad-Hoc|Any CPU.Deploy.0 = Release|Any CPU
		{7D8B9BE6-07E9-4734-9C3C-6A2EF825621E}.Ad-Hoc|ARM.ActiveCfg = Release|ARM
		{7D8B9BE6-07E9-4734-9C3C-6A2EF825621E}.Ad-Hoc|ARM.Build.0 = Release|ARM
		{7D8B9BE6-07E9-4734-9C3C-6A2EF825621E}.Ad-Hoc|ARM.Deploy.0 = Release|ARM
		{7D8B9BE6-07E9-4734-9C3C-6A2EF825621E}.Ad-Hoc|iPhone.ActiveCfg = Release|Any CPU
		{7D8B9BE6-07E9-4734-9C3C-6A2EF825621E}.Ad-Hoc|iPhone.Build.0 = Release|Any CPU
		{7D8B9BE6-07E9-4734-9C3C-6A2EF825621E}.Ad-Hoc|iPhone.Deploy.0 = Release|Any CPU
		{7D8B9BE6-07E9-4734-9C3C-6A2EF825621E}.Ad-Hoc|iPhoneSimulator.ActiveCfg = Release|Any CPU
		{7D8B9BE6-07E9-4734-9C3C-6A2EF825621E}.Ad-Hoc|iPhoneSimulator.Build.0 = Release|Any CPU
		{7D8B9BE6-07E9-4734-9C3C-6A2EF825621E}.Ad-Hoc|iPhoneSimulator.Deploy.0 = Release|Any CPU
		{7D8B9BE6-07E9-4734-9C3C-6A2EF825621E}.Ad-Hoc|x64.ActiveCfg = Release|Any CPU
		{7D8B9BE6-07E9-4734-9C3C-6A2EF825621E}.Ad-Hoc|x64.Build.0 = Release|Any CPU
		{7D8B9BE6-07E9-4734-9C3C-6A2EF825621E}.Ad-Hoc|x64.Deploy.0 = Release|Any CPU
		{7D8B9BE6-07E9-4734-9C3C-6A2EF825621E}.Ad-Hoc|x86.ActiveCfg = Release|x86
		{7D8B9BE6-07E9-4734-9C3C-6A2EF825621E}.Ad-Hoc|x86.Build.0 = Release|x86
		{7D8B9BE6-07E9-4734-9C3C-6A2EF825621E}.Ad-Hoc|x86.Deploy.0 = Release|x86
		{7D8B9BE6-07E9-4734-9C3C-6A2EF825621E}.AppStore|Any CPU.ActiveCfg = Release|Any CPU
		{7D8B9BE6-07E9-4734-9C3C-6A2EF825621E}.AppStore|Any CPU.Build.0 = Release|Any CPU
		{7D8B9BE6-07E9-4734-9C3C-6A2EF825621E}.AppStore|Any CPU.Deploy.0 = Release|Any CPU
		{7D8B9BE6-07E9-4734-9C3C-6A2EF825621E}.AppStore|ARM.ActiveCfg = Release|ARM
		{7D8B9BE6-07E9-4734-9C3C-6A2EF825621E}.AppStore|ARM.Build.0 = Release|ARM
		{7D8B9BE6-07E9-4734-9C3C-6A2EF825621E}.AppStore|ARM.Deploy.0 = Release|ARM
		{7D8B9BE6-07E9-4734-9C3C-6A2EF825621E}.AppStore|iPhone.ActiveCfg = Release|Any CPU
		{7D8B9BE6-07E9-4734-9C3C-6A2EF825621E}.AppStore|iPhone.Build.0 = Release|Any CPU
		{7D8B9BE6-07E9-4734-9C3C-6A2EF825621E}.AppStore|iPhone.Deploy.0 = Release|Any CPU
		{7D8B9BE6-07E9-4734-9C3C-6A2EF825621E}.AppStore|iPhoneSimulator.ActiveCfg = Release|Any CPU
		{7D8B9BE6-07E9-4734-9C3C-6A2EF825621E}.AppStore|iPhoneSimulator.Build.0 = Release|Any CPU
		{7D8B9BE6-07E9-4734-9C3C-6A2EF825621E}.AppStore|iPhoneSimulator.Deploy.0 = Release|Any CPU
		{7D8B9BE6-07E9-4734-9C3C-6A2EF825621E}.AppStore|x64.ActiveCfg = Release|Any CPU
		{7D8B9BE6-07E9-4734-9C3C-6A2EF825621E}.AppStore|x64.Build.0 = Release|Any CPU
		{7D8B9BE6-07E9-4734-9C3C-6A2EF825621E}.AppStore|x64.Deploy.0 = Release|Any CPU
		{7D8B9BE6-07E9-4734-9C3C-6A2EF825621E}.AppStore|x86.ActiveCfg = Release|x86
		{7D8B9BE6-07E9-4734-9C3C-6A2EF825621E}.AppStore|x86.Build.0 = Release|x86
		{7D8B9BE6-07E9-4734-9C3C-6A2EF825621E}.AppStore|x86.Deploy.0 = Release|x86
		{7D8B9BE6-07E9-4734-9C3C-6A2EF825621E}.Debug|Any CPU.ActiveCfg = Debug|Any CPU
		{7D8B9BE6-07E9-4734-9C3C-6A2EF825621E}.Debug|Any CPU.Build.0 = Debug|Any CPU
		{7D8B9BE6-07E9-4734-9C3C-6A2EF825621E}.Debug|Any CPU.Deploy.0 = Debug|Any CPU
		{7D8B9BE6-07E9-4734-9C3C-6A2EF825621E}.Debug|ARM.ActiveCfg = Debug|ARM
		{7D8B9BE6-07E9-4734-9C3C-6A2EF825621E}.Debug|ARM.Build.0 = Debug|ARM
		{7D8B9BE6-07E9-4734-9C3C-6A2EF825621E}.Debug|ARM.Deploy.0 = Debug|ARM
		{7D8B9BE6-07E9-4734-9C3C-6A2EF825621E}.Debug|iPhone.ActiveCfg = Debug|Any CPU
		{7D8B9BE6-07E9-4734-9C3C-6A2EF825621E}.Debug|iPhone.Build.0 = Debug|Any CPU
		{7D8B9BE6-07E9-4734-9C3C-6A2EF825621E}.Debug|iPhone.Deploy.0 = Debug|Any CPU
		{7D8B9BE6-07E9-4734-9C3C-6A2EF825621E}.Debug|iPhoneSimulator.ActiveCfg = Debug|Any CPU
		{7D8B9BE6-07E9-4734-9C3C-6A2EF825621E}.Debug|iPhoneSimulator.Build.0 = Debug|Any CPU
		{7D8B9BE6-07E9-4734-9C3C-6A2EF825621E}.Debug|iPhoneSimulator.Deploy.0 = Debug|Any CPU
		{7D8B9BE6-07E9-4734-9C3C-6A2EF825621E}.Debug|x64.ActiveCfg = Debug|Any CPU
		{7D8B9BE6-07E9-4734-9C3C-6A2EF825621E}.Debug|x64.Build.0 = Debug|Any CPU
		{7D8B9BE6-07E9-4734-9C3C-6A2EF825621E}.Debug|x64.Deploy.0 = Debug|Any CPU
		{7D8B9BE6-07E9-4734-9C3C-6A2EF825621E}.Debug|x86.ActiveCfg = Debug|x86
		{7D8B9BE6-07E9-4734-9C3C-6A2EF825621E}.Debug|x86.Build.0 = Debug|x86
		{7D8B9BE6-07E9-4734-9C3C-6A2EF825621E}.Debug|x86.Deploy.0 = Debug|x86
		{7D8B9BE6-07E9-4734-9C3C-6A2EF825621E}.Release|Any CPU.ActiveCfg = Release|Any CPU
		{7D8B9BE6-07E9-4734-9C3C-6A2EF825621E}.Release|Any CPU.Build.0 = Release|Any CPU
		{7D8B9BE6-07E9-4734-9C3C-6A2EF825621E}.Release|Any CPU.Deploy.0 = Release|Any CPU
		{7D8B9BE6-07E9-4734-9C3C-6A2EF825621E}.Release|ARM.ActiveCfg = Release|ARM
		{7D8B9BE6-07E9-4734-9C3C-6A2EF825621E}.Release|ARM.Build.0 = Release|ARM
		{7D8B9BE6-07E9-4734-9C3C-6A2EF825621E}.Release|ARM.Deploy.0 = Release|ARM
		{7D8B9BE6-07E9-4734-9C3C-6A2EF825621E}.Release|iPhone.ActiveCfg = Release|Any CPU
		{7D8B9BE6-07E9-4734-9C3C-6A2EF825621E}.Release|iPhone.Build.0 = Release|Any CPU
		{7D8B9BE6-07E9-4734-9C3C-6A2EF825621E}.Release|iPhone.Deploy.0 = Release|Any CPU
		{7D8B9BE6-07E9-4734-9C3C-6A2EF825621E}.Release|iPhoneSimulator.ActiveCfg = Release|Any CPU
		{7D8B9BE6-07E9-4734-9C3C-6A2EF825621E}.Release|iPhoneSimulator.Build.0 = Release|Any CPU
		{7D8B9BE6-07E9-4734-9C3C-6A2EF825621E}.Release|iPhoneSimulator.Deploy.0 = Release|Any CPU
		{7D8B9BE6-07E9-4734-9C3C-6A2EF825621E}.Release|x64.ActiveCfg = Release|Any CPU
		{7D8B9BE6-07E9-4734-9C3C-6A2EF825621E}.Release|x64.Build.0 = Release|Any CPU
		{7D8B9BE6-07E9-4734-9C3C-6A2EF825621E}.Release|x64.Deploy.0 = Release|Any CPU
		{7D8B9BE6-07E9-4734-9C3C-6A2EF825621E}.Release|x86.ActiveCfg = Release|x86
		{7D8B9BE6-07E9-4734-9C3C-6A2EF825621E}.Release|x86.Build.0 = Release|x86
		{7D8B9BE6-07E9-4734-9C3C-6A2EF825621E}.Release|x86.Deploy.0 = Release|x86
		{0E2981B8-7FB2-4614-9497-D2D25510FC01}.Ad-Hoc|Any CPU.ActiveCfg = Release|x86
		{0E2981B8-7FB2-4614-9497-D2D25510FC01}.Ad-Hoc|Any CPU.Build.0 = Release|x86
		{0E2981B8-7FB2-4614-9497-D2D25510FC01}.Ad-Hoc|Any CPU.Deploy.0 = Release|x86
		{0E2981B8-7FB2-4614-9497-D2D25510FC01}.Ad-Hoc|ARM.ActiveCfg = Release|ARM
		{0E2981B8-7FB2-4614-9497-D2D25510FC01}.Ad-Hoc|ARM.Build.0 = Release|ARM
		{0E2981B8-7FB2-4614-9497-D2D25510FC01}.Ad-Hoc|ARM.Deploy.0 = Release|ARM
		{0E2981B8-7FB2-4614-9497-D2D25510FC01}.Ad-Hoc|iPhone.ActiveCfg = Release|x86
		{0E2981B8-7FB2-4614-9497-D2D25510FC01}.Ad-Hoc|iPhone.Build.0 = Release|x86
		{0E2981B8-7FB2-4614-9497-D2D25510FC01}.Ad-Hoc|iPhone.Deploy.0 = Release|x86
		{0E2981B8-7FB2-4614-9497-D2D25510FC01}.Ad-Hoc|iPhoneSimulator.ActiveCfg = Release|x86
		{0E2981B8-7FB2-4614-9497-D2D25510FC01}.Ad-Hoc|iPhoneSimulator.Build.0 = Release|x86
		{0E2981B8-7FB2-4614-9497-D2D25510FC01}.Ad-Hoc|iPhoneSimulator.Deploy.0 = Release|x86
		{0E2981B8-7FB2-4614-9497-D2D25510FC01}.Ad-Hoc|x64.ActiveCfg = Release|x64
		{0E2981B8-7FB2-4614-9497-D2D25510FC01}.Ad-Hoc|x64.Build.0 = Release|x64
		{0E2981B8-7FB2-4614-9497-D2D25510FC01}.Ad-Hoc|x64.Deploy.0 = Release|x64
		{0E2981B8-7FB2-4614-9497-D2D25510FC01}.Ad-Hoc|x86.ActiveCfg = Release|x86
		{0E2981B8-7FB2-4614-9497-D2D25510FC01}.Ad-Hoc|x86.Build.0 = Release|x86
		{0E2981B8-7FB2-4614-9497-D2D25510FC01}.Ad-Hoc|x86.Deploy.0 = Release|x86
		{0E2981B8-7FB2-4614-9497-D2D25510FC01}.AppStore|Any CPU.ActiveCfg = Release|x86
		{0E2981B8-7FB2-4614-9497-D2D25510FC01}.AppStore|Any CPU.Build.0 = Release|x86
		{0E2981B8-7FB2-4614-9497-D2D25510FC01}.AppStore|Any CPU.Deploy.0 = Release|x86
		{0E2981B8-7FB2-4614-9497-D2D25510FC01}.AppStore|ARM.ActiveCfg = Release|ARM
		{0E2981B8-7FB2-4614-9497-D2D25510FC01}.AppStore|ARM.Build.0 = Release|ARM
		{0E2981B8-7FB2-4614-9497-D2D25510FC01}.AppStore|ARM.Deploy.0 = Release|ARM
		{0E2981B8-7FB2-4614-9497-D2D25510FC01}.AppStore|iPhone.ActiveCfg = Release|x86
		{0E2981B8-7FB2-4614-9497-D2D25510FC01}.AppStore|iPhone.Build.0 = Release|x86
		{0E2981B8-7FB2-4614-9497-D2D25510FC01}.AppStore|iPhone.Deploy.0 = Release|x86
		{0E2981B8-7FB2-4614-9497-D2D25510FC01}.AppStore|iPhoneSimulator.ActiveCfg = Release|x86
		{0E2981B8-7FB2-4614-9497-D2D25510FC01}.AppStore|iPhoneSimulator.Build.0 = Release|x86
		{0E2981B8-7FB2-4614-9497-D2D25510FC01}.AppStore|iPhoneSimulator.Deploy.0 = Release|x86
		{0E2981B8-7FB2-4614-9497-D2D25510FC01}.AppStore|x64.ActiveCfg = Release|x64
		{0E2981B8-7FB2-4614-9497-D2D25510FC01}.AppStore|x64.Build.0 = Release|x64
		{0E2981B8-7FB2-4614-9497-D2D25510FC01}.AppStore|x64.Deploy.0 = Release|x64
		{0E2981B8-7FB2-4614-9497-D2D25510FC01}.AppStore|x86.ActiveCfg = Release|x86
		{0E2981B8-7FB2-4614-9497-D2D25510FC01}.AppStore|x86.Build.0 = Release|x86
		{0E2981B8-7FB2-4614-9497-D2D25510FC01}.AppStore|x86.Deploy.0 = Release|x86
		{0E2981B8-7FB2-4614-9497-D2D25510FC01}.Debug|Any CPU.ActiveCfg = Debug|x86
		{0E2981B8-7FB2-4614-9497-D2D25510FC01}.Debug|ARM.ActiveCfg = Debug|ARM
		{0E2981B8-7FB2-4614-9497-D2D25510FC01}.Debug|ARM.Build.0 = Debug|ARM
		{0E2981B8-7FB2-4614-9497-D2D25510FC01}.Debug|ARM.Deploy.0 = Debug|ARM
		{0E2981B8-7FB2-4614-9497-D2D25510FC01}.Debug|iPhone.ActiveCfg = Debug|x86
		{0E2981B8-7FB2-4614-9497-D2D25510FC01}.Debug|iPhoneSimulator.ActiveCfg = Debug|x86
		{0E2981B8-7FB2-4614-9497-D2D25510FC01}.Debug|x64.ActiveCfg = Debug|x64
		{0E2981B8-7FB2-4614-9497-D2D25510FC01}.Debug|x64.Build.0 = Debug|x64
		{0E2981B8-7FB2-4614-9497-D2D25510FC01}.Debug|x64.Deploy.0 = Debug|x64
		{0E2981B8-7FB2-4614-9497-D2D25510FC01}.Debug|x86.ActiveCfg = Debug|x86
		{0E2981B8-7FB2-4614-9497-D2D25510FC01}.Debug|x86.Build.0 = Debug|x86
		{0E2981B8-7FB2-4614-9497-D2D25510FC01}.Debug|x86.Deploy.0 = Debug|x86
		{0E2981B8-7FB2-4614-9497-D2D25510FC01}.Release|Any CPU.ActiveCfg = Release|x86
		{0E2981B8-7FB2-4614-9497-D2D25510FC01}.Release|ARM.ActiveCfg = Release|ARM
		{0E2981B8-7FB2-4614-9497-D2D25510FC01}.Release|ARM.Build.0 = Release|ARM
		{0E2981B8-7FB2-4614-9497-D2D25510FC01}.Release|ARM.Deploy.0 = Release|ARM
		{0E2981B8-7FB2-4614-9497-D2D25510FC01}.Release|iPhone.ActiveCfg = Release|x86
		{0E2981B8-7FB2-4614-9497-D2D25510FC01}.Release|iPhoneSimulator.ActiveCfg = Release|x86
		{0E2981B8-7FB2-4614-9497-D2D25510FC01}.Release|x64.ActiveCfg = Release|x64
		{0E2981B8-7FB2-4614-9497-D2D25510FC01}.Release|x64.Build.0 = Release|x64
		{0E2981B8-7FB2-4614-9497-D2D25510FC01}.Release|x64.Deploy.0 = Release|x64
		{0E2981B8-7FB2-4614-9497-D2D25510FC01}.Release|x86.ActiveCfg = Release|x86
		{0E2981B8-7FB2-4614-9497-D2D25510FC01}.Release|x86.Build.0 = Release|x86
		{0E2981B8-7FB2-4614-9497-D2D25510FC01}.Release|x86.Deploy.0 = Release|x86
		{97023C9E-B6B8-49E9-BC5E-C55FDDBD05FA}.Ad-Hoc|Any CPU.ActiveCfg = Release|Any CPU
		{97023C9E-B6B8-49E9-BC5E-C55FDDBD05FA}.Ad-Hoc|Any CPU.Build.0 = Release|Any CPU
		{97023C9E-B6B8-49E9-BC5E-C55FDDBD05FA}.Ad-Hoc|Any CPU.Deploy.0 = Release|Any CPU
		{97023C9E-B6B8-49E9-BC5E-C55FDDBD05FA}.Ad-Hoc|ARM.ActiveCfg = Release|ARM
		{97023C9E-B6B8-49E9-BC5E-C55FDDBD05FA}.Ad-Hoc|ARM.Build.0 = Release|ARM
		{97023C9E-B6B8-49E9-BC5E-C55FDDBD05FA}.Ad-Hoc|ARM.Deploy.0 = Release|ARM
		{97023C9E-B6B8-49E9-BC5E-C55FDDBD05FA}.Ad-Hoc|iPhone.ActiveCfg = Release|Any CPU
		{97023C9E-B6B8-49E9-BC5E-C55FDDBD05FA}.Ad-Hoc|iPhone.Build.0 = Release|Any CPU
		{97023C9E-B6B8-49E9-BC5E-C55FDDBD05FA}.Ad-Hoc|iPhone.Deploy.0 = Release|Any CPU
		{97023C9E-B6B8-49E9-BC5E-C55FDDBD05FA}.Ad-Hoc|iPhoneSimulator.ActiveCfg = Release|Any CPU
		{97023C9E-B6B8-49E9-BC5E-C55FDDBD05FA}.Ad-Hoc|iPhoneSimulator.Build.0 = Release|Any CPU
		{97023C9E-B6B8-49E9-BC5E-C55FDDBD05FA}.Ad-Hoc|iPhoneSimulator.Deploy.0 = Release|Any CPU
		{97023C9E-B6B8-49E9-BC5E-C55FDDBD05FA}.Ad-Hoc|x64.ActiveCfg = Release|x64
		{97023C9E-B6B8-49E9-BC5E-C55FDDBD05FA}.Ad-Hoc|x64.Build.0 = Release|x64
		{97023C9E-B6B8-49E9-BC5E-C55FDDBD05FA}.Ad-Hoc|x64.Deploy.0 = Release|x64
		{97023C9E-B6B8-49E9-BC5E-C55FDDBD05FA}.Ad-Hoc|x86.ActiveCfg = Release|x86
		{97023C9E-B6B8-49E9-BC5E-C55FDDBD05FA}.Ad-Hoc|x86.Build.0 = Release|x86
		{97023C9E-B6B8-49E9-BC5E-C55FDDBD05FA}.Ad-Hoc|x86.Deploy.0 = Release|x86
		{97023C9E-B6B8-49E9-BC5E-C55FDDBD05FA}.AppStore|Any CPU.ActiveCfg = Release|Any CPU
		{97023C9E-B6B8-49E9-BC5E-C55FDDBD05FA}.AppStore|Any CPU.Build.0 = Release|Any CPU
		{97023C9E-B6B8-49E9-BC5E-C55FDDBD05FA}.AppStore|Any CPU.Deploy.0 = Release|Any CPU
		{97023C9E-B6B8-49E9-BC5E-C55FDDBD05FA}.AppStore|ARM.ActiveCfg = Release|ARM
		{97023C9E-B6B8-49E9-BC5E-C55FDDBD05FA}.AppStore|ARM.Build.0 = Release|ARM
		{97023C9E-B6B8-49E9-BC5E-C55FDDBD05FA}.AppStore|ARM.Deploy.0 = Release|ARM
		{97023C9E-B6B8-49E9-BC5E-C55FDDBD05FA}.AppStore|iPhone.ActiveCfg = Release|Any CPU
		{97023C9E-B6B8-49E9-BC5E-C55FDDBD05FA}.AppStore|iPhone.Build.0 = Release|Any CPU
		{97023C9E-B6B8-49E9-BC5E-C55FDDBD05FA}.AppStore|iPhone.Deploy.0 = Release|Any CPU
		{97023C9E-B6B8-49E9-BC5E-C55FDDBD05FA}.AppStore|iPhoneSimulator.ActiveCfg = Release|Any CPU
		{97023C9E-B6B8-49E9-BC5E-C55FDDBD05FA}.AppStore|iPhoneSimulator.Build.0 = Release|Any CPU
		{97023C9E-B6B8-49E9-BC5E-C55FDDBD05FA}.AppStore|iPhoneSimulator.Deploy.0 = Release|Any CPU
		{97023C9E-B6B8-49E9-BC5E-C55FDDBD05FA}.AppStore|x64.ActiveCfg = Release|x64
		{97023C9E-B6B8-49E9-BC5E-C55FDDBD05FA}.AppStore|x64.Build.0 = Release|x64
		{97023C9E-B6B8-49E9-BC5E-C55FDDBD05FA}.AppStore|x64.Deploy.0 = Release|x64
		{97023C9E-B6B8-49E9-BC5E-C55FDDBD05FA}.AppStore|x86.ActiveCfg = Release|x86
		{97023C9E-B6B8-49E9-BC5E-C55FDDBD05FA}.AppStore|x86.Build.0 = Release|x86
		{97023C9E-B6B8-49E9-BC5E-C55FDDBD05FA}.AppStore|x86.Deploy.0 = Release|x86
		{97023C9E-B6B8-49E9-BC5E-C55FDDBD05FA}.Debug|Any CPU.ActiveCfg = Debug|Any CPU
		{97023C9E-B6B8-49E9-BC5E-C55FDDBD05FA}.Debug|Any CPU.Build.0 = Debug|Any CPU
		{97023C9E-B6B8-49E9-BC5E-C55FDDBD05FA}.Debug|Any CPU.Deploy.0 = Debug|Any CPU
		{97023C9E-B6B8-49E9-BC5E-C55FDDBD05FA}.Debug|ARM.ActiveCfg = Debug|ARM
		{97023C9E-B6B8-49E9-BC5E-C55FDDBD05FA}.Debug|ARM.Build.0 = Debug|ARM
		{97023C9E-B6B8-49E9-BC5E-C55FDDBD05FA}.Debug|ARM.Deploy.0 = Debug|ARM
		{97023C9E-B6B8-49E9-BC5E-C55FDDBD05FA}.Debug|iPhone.ActiveCfg = Debug|Any CPU
		{97023C9E-B6B8-49E9-BC5E-C55FDDBD05FA}.Debug|iPhone.Build.0 = Debug|Any CPU
		{97023C9E-B6B8-49E9-BC5E-C55FDDBD05FA}.Debug|iPhone.Deploy.0 = Debug|Any CPU
		{97023C9E-B6B8-49E9-BC5E-C55FDDBD05FA}.Debug|iPhoneSimulator.ActiveCfg = Debug|Any CPU
		{97023C9E-B6B8-49E9-BC5E-C55FDDBD05FA}.Debug|iPhoneSimulator.Build.0 = Debug|Any CPU
		{97023C9E-B6B8-49E9-BC5E-C55FDDBD05FA}.Debug|iPhoneSimulator.Deploy.0 = Debug|Any CPU
		{97023C9E-B6B8-49E9-BC5E-C55FDDBD05FA}.Debug|x64.ActiveCfg = Debug|x64
		{97023C9E-B6B8-49E9-BC5E-C55FDDBD05FA}.Debug|x64.Build.0 = Debug|x64
		{97023C9E-B6B8-49E9-BC5E-C55FDDBD05FA}.Debug|x64.Deploy.0 = Debug|x64
		{97023C9E-B6B8-49E9-BC5E-C55FDDBD05FA}.Debug|x86.ActiveCfg = Debug|x86
		{97023C9E-B6B8-49E9-BC5E-C55FDDBD05FA}.Debug|x86.Build.0 = Debug|x86
		{97023C9E-B6B8-49E9-BC5E-C55FDDBD05FA}.Debug|x86.Deploy.0 = Debug|x86
		{97023C9E-B6B8-49E9-BC5E-C55FDDBD05FA}.Release|Any CPU.ActiveCfg = Release|Any CPU
		{97023C9E-B6B8-49E9-BC5E-C55FDDBD05FA}.Release|Any CPU.Build.0 = Release|Any CPU
		{97023C9E-B6B8-49E9-BC5E-C55FDDBD05FA}.Release|Any CPU.Deploy.0 = Release|Any CPU
		{97023C9E-B6B8-49E9-BC5E-C55FDDBD05FA}.Release|ARM.ActiveCfg = Release|ARM
		{97023C9E-B6B8-49E9-BC5E-C55FDDBD05FA}.Release|ARM.Build.0 = Release|ARM
		{97023C9E-B6B8-49E9-BC5E-C55FDDBD05FA}.Release|ARM.Deploy.0 = Release|ARM
		{97023C9E-B6B8-49E9-BC5E-C55FDDBD05FA}.Release|iPhone.ActiveCfg = Release|Any CPU
		{97023C9E-B6B8-49E9-BC5E-C55FDDBD05FA}.Release|iPhone.Build.0 = Release|Any CPU
		{97023C9E-B6B8-49E9-BC5E-C55FDDBD05FA}.Release|iPhone.Deploy.0 = Release|Any CPU
		{97023C9E-B6B8-49E9-BC5E-C55FDDBD05FA}.Release|iPhoneSimulator.ActiveCfg = Release|Any CPU
		{97023C9E-B6B8-49E9-BC5E-C55FDDBD05FA}.Release|iPhoneSimulator.Build.0 = Release|Any CPU
		{97023C9E-B6B8-49E9-BC5E-C55FDDBD05FA}.Release|iPhoneSimulator.Deploy.0 = Release|Any CPU
		{97023C9E-B6B8-49E9-BC5E-C55FDDBD05FA}.Release|x64.ActiveCfg = Release|x64
		{97023C9E-B6B8-49E9-BC5E-C55FDDBD05FA}.Release|x64.Build.0 = Release|x64
		{97023C9E-B6B8-49E9-BC5E-C55FDDBD05FA}.Release|x64.Deploy.0 = Release|x64
		{97023C9E-B6B8-49E9-BC5E-C55FDDBD05FA}.Release|x86.ActiveCfg = Release|x86
		{97023C9E-B6B8-49E9-BC5E-C55FDDBD05FA}.Release|x86.Build.0 = Release|x86
		{97023C9E-B6B8-49E9-BC5E-C55FDDBD05FA}.Release|x86.Deploy.0 = Release|x86
	EndGlobalSection
	GlobalSection(SolutionProperties) = preSolution
		HideSolutionNode = FALSE
	EndGlobalSection
EndGlobal
